github.com/google/uuid v1.6.0 h1:NIvaJDMOsjHA8n1jAhLSgzrAzy1Hgr+hNrb57e+94F0=
github.com/google/uuid v1.6.0/go.mod h1:TIyPZe4MgqvfeYDBFedMoGGpEw/LqOeaOT+nhxU+yHo=
github.com/lib/pq v1.10.9 h1:YXG7RB+JIjhP29X+OtkiDnYaXQwpS4JEWq7dtCCRUEw=
github.com/lib/pq v1.10.9/go.mod h1:AlVN5x4E4T544tWzH6hKfbfQvm3HdbOxrmggDNAPY9o=
github.com/toddswift/gator v0.0.0-20251104180021-ba1758f8dc2a h1:ZbZkyVTzi+d+alQOD+jdodfJxv32nLoTTgC8axzE/tk=
github.com/toddswift/gator v0.0.0-20251104180021-ba1758f8dc2a/go.mod h1:r3QxfK987Rh1+xxNIHZhW0KOuh8ere6CcDVEoxxQgUE=
